
Microsoft Visual Studio Solution File, Format Version 12.00
# Visual Studio Version 16
VisualStudioVersion = 16.0.30011.22
MinimumVisualStudioVersion = 10.0.40219.1
Project("{FAE04EC0-301F-11D3-BF4B-00C04F79EFBC}") = "CopyLite", "CopyLite\CopyLite.csproj", "{DD5596C7-EFD0-4962-9C53-D9D5DEF7B584}"
EndProject
Global
	GlobalSection(SolutionConfigurationPlatforms) = preSolution
		Debug|Any CPU = Debug|Any CPU
		Release|Any CPU = Release|Any CPU
	EndGlobalSection
	GlobalSection(ProjectConfigurationPlatforms) = postSolution
		{DD5596C7-EFD0-4962-9C53-D9D5DEF7B584}.Debug|Any CPU.ActiveCfg = Debug|Any CPU
		{DD5596C7-EFD0-4962-9C53-D9D5DEF7B584}.Debug|Any CPU.Build.0 = Debug|Any CPU
		{DD5596C7-EFD0-4962-9C53-D9D5DEF7B584}.Release|Any CPU.ActiveCfg = Release|Any CPU
		{DD5596C7-EFD0-4962-9C53-D9D5DEF7B584}.Release|Any CPU.Build.0 = Release|Any CPU
	EndGlobalSection
	GlobalSection(SolutionProperties) = preSolution
		HideSolutionNode = FALSE
	EndGlobalSection
	GlobalSection(ExtensibilityGlobals) = postSolution
		SolutionGuid = {55A5B68D-FEC0-44D4-B540-091F03828F56}
	EndGlobalSection
EndGlobal
